
Microsoft Visual Studio Solution File, Format Version 12.00
# Visual Studio Version 17
VisualStudioVersion = 17.5.002.0
MinimumVisualStudioVersion = 10.0.40219.1
Project("{9A19103F-16F7-4668-BE54-9A1E7A4F7556}") = "GarbageCollector", "GarbageCollector.csproj", "{F065860B-7617-43C4-A9A7-BE30E7B619A7}"
EndProject
Global
	GlobalSection(SolutionConfigurationPlatforms) = preSolution
		Debug|Any CPU = Debug|Any CPU
		Release|Any CPU = Release|Any CPU
	EndGlobalSection
	GlobalSection(ProjectConfigurationPlatforms) = postSolution
		{F065860B-7617-43C4-A9A7-BE30E7B619A7}.Debug|Any CPU.ActiveCfg = Debug|Any CPU
		{F065860B-7617-43C4-A9A7-BE30E7B619A7}.Debug|Any CPU.Build.0 = Debug|Any CPU
		{F065860B-7617-43C4-A9A7-BE30E7B619A7}.Release|Any CPU.ActiveCfg = Release|Any CPU
		{F065860B-7617-43C4-A9A7-BE30E7B619A7}.Release|Any CPU.Build.0 = Release|Any CPU
	EndGlobalSection
	GlobalSection(SolutionProperties) = preSolution
		HideSolutionNode = FALSE
	EndGlobalSection
	GlobalSection(ExtensibilityGlobals) = postSolution
		SolutionGuid = {68F3340F-E585-49A1-8CD6-37E66056AE2F}
	EndGlobalSection
EndGlobal
