
Microsoft Visual Studio Solution File, Format Version 12.00
# Visual Studio Version 17
VisualStudioVersion = 17.5.002.0
MinimumVisualStudioVersion = 10.0.40219.1
Project("{9A19103F-16F7-4668-BE54-9A1E7A4F7556}") = "Params", "Params.csproj", "{8F72E8BF-8F58-41D6-B015-F898A90D26A2}"
EndProject
Global
	GlobalSection(SolutionConfigurationPlatforms) = preSolution
		Debug|Any CPU = Debug|Any CPU
		Release|Any CPU = Release|Any CPU
	EndGlobalSection
	GlobalSection(ProjectConfigurationPlatforms) = postSolution
		{8F72E8BF-8F58-41D6-B015-F898A90D26A2}.Debug|Any CPU.ActiveCfg = Debug|Any CPU
		{8F72E8BF-8F58-41D6-B015-F898A90D26A2}.Debug|Any CPU.Build.0 = Debug|Any CPU
		{8F72E8BF-8F58-41D6-B015-F898A90D26A2}.Release|Any CPU.ActiveCfg = Release|Any CPU
		{8F72E8BF-8F58-41D6-B015-F898A90D26A2}.Release|Any CPU.Build.0 = Release|Any CPU
	EndGlobalSection
	GlobalSection(SolutionProperties) = preSolution
		HideSolutionNode = FALSE
	EndGlobalSection
	GlobalSection(ExtensibilityGlobals) = postSolution
		SolutionGuid = {7EC47D15-E93B-482A-B20E-6143FFFC9020}
	EndGlobalSection
EndGlobal
