
Microsoft Visual Studio Solution File, Format Version 12.00
# Visual Studio Version 17
VisualStudioVersion = 17.5.002.0
MinimumVisualStudioVersion = 10.0.40219.1
Project("{9A19103F-16F7-4668-BE54-9A1E7A4F7556}") = "Nullable", "Nullable.csproj", "{4BFE11CB-78FA-415C-AC5E-D9191250DFBF}"
EndProject
Global
	GlobalSection(SolutionConfigurationPlatforms) = preSolution
		Debug|Any CPU = Debug|Any CPU
		Release|Any CPU = Release|Any CPU
	EndGlobalSection
	GlobalSection(ProjectConfigurationPlatforms) = postSolution
		{4BFE11CB-78FA-415C-AC5E-D9191250DFBF}.Debug|Any CPU.ActiveCfg = Debug|Any CPU
		{4BFE11CB-78FA-415C-AC5E-D9191250DFBF}.Debug|Any CPU.Build.0 = Debug|Any CPU
		{4BFE11CB-78FA-415C-AC5E-D9191250DFBF}.Release|Any CPU.ActiveCfg = Release|Any CPU
		{4BFE11CB-78FA-415C-AC5E-D9191250DFBF}.Release|Any CPU.Build.0 = Release|Any CPU
	EndGlobalSection
	GlobalSection(SolutionProperties) = preSolution
		HideSolutionNode = FALSE
	EndGlobalSection
	GlobalSection(ExtensibilityGlobals) = postSolution
		SolutionGuid = {265F1DF7-624E-45A7-8089-A29A88147E7D}
	EndGlobalSection
EndGlobal
