
Microsoft Visual Studio Solution File, Format Version 12.00
# Visual Studio Version 17
VisualStudioVersion = 17.5.002.0
MinimumVisualStudioVersion = 10.0.40219.1
Project("{9A19103F-16F7-4668-BE54-9A1E7A4F7556}") = "Escopo", "Escopo.csproj", "{C5094CD5-BF0E-45D0-9ECF-91C7F9AB33AE}"
EndProject
Global
	GlobalSection(SolutionConfigurationPlatforms) = preSolution
		Debug|Any CPU = Debug|Any CPU
		Release|Any CPU = Release|Any CPU
	EndGlobalSection
	GlobalSection(ProjectConfigurationPlatforms) = postSolution
		{C5094CD5-BF0E-45D0-9ECF-91C7F9AB33AE}.Debug|Any CPU.ActiveCfg = Debug|Any CPU
		{C5094CD5-BF0E-45D0-9ECF-91C7F9AB33AE}.Debug|Any CPU.Build.0 = Debug|Any CPU
		{C5094CD5-BF0E-45D0-9ECF-91C7F9AB33AE}.Release|Any CPU.ActiveCfg = Release|Any CPU
		{C5094CD5-BF0E-45D0-9ECF-91C7F9AB33AE}.Release|Any CPU.Build.0 = Release|Any CPU
	EndGlobalSection
	GlobalSection(SolutionProperties) = preSolution
		HideSolutionNode = FALSE
	EndGlobalSection
	GlobalSection(ExtensibilityGlobals) = postSolution
		SolutionGuid = {34F08C38-3CA4-4C43-9347-A9BC9B472A93}
	EndGlobalSection
EndGlobal
