
Microsoft Visual Studio Solution File, Format Version 12.00
# Visual Studio Version 17
VisualStudioVersion = 17.5.002.0
MinimumVisualStudioVersion = 10.0.40219.1
Project("{9A19103F-16F7-4668-BE54-9A1E7A4F7556}") = "Sobrecarga", "Sobrecarga.csproj", "{A739538F-C1F8-49B4-91A6-6781F96181DD}"
EndProject
Global
	GlobalSection(SolutionConfigurationPlatforms) = preSolution
		Debug|Any CPU = Debug|Any CPU
		Release|Any CPU = Release|Any CPU
	EndGlobalSection
	GlobalSection(ProjectConfigurationPlatforms) = postSolution
		{A739538F-C1F8-49B4-91A6-6781F96181DD}.Debug|Any CPU.ActiveCfg = Debug|Any CPU
		{A739538F-C1F8-49B4-91A6-6781F96181DD}.Debug|Any CPU.Build.0 = Debug|Any CPU
		{A739538F-C1F8-49B4-91A6-6781F96181DD}.Release|Any CPU.ActiveCfg = Release|Any CPU
		{A739538F-C1F8-49B4-91A6-6781F96181DD}.Release|Any CPU.Build.0 = Release|Any CPU
	EndGlobalSection
	GlobalSection(SolutionProperties) = preSolution
		HideSolutionNode = FALSE
	EndGlobalSection
	GlobalSection(ExtensibilityGlobals) = postSolution
		SolutionGuid = {A0B3F029-618E-41C8-A3D0-C8F3D7BE771C}
	EndGlobalSection
EndGlobal
