
Microsoft Visual Studio Solution File, Format Version 12.00
# Visual Studio Version 17
VisualStudioVersion = 17.5.002.0
MinimumVisualStudioVersion = 10.0.40219.1
Project("{9A19103F-16F7-4668-BE54-9A1E7A4F7556}") = "OperadoresAritmeticos", "OperadoresAritmeticos.csproj", "{0C36B486-E3CC-4175-B23B-04B7F16F1BE0}"
EndProject
Global
	GlobalSection(SolutionConfigurationPlatforms) = preSolution
		Debug|Any CPU = Debug|Any CPU
		Release|Any CPU = Release|Any CPU
	EndGlobalSection
	GlobalSection(ProjectConfigurationPlatforms) = postSolution
		{0C36B486-E3CC-4175-B23B-04B7F16F1BE0}.Debug|Any CPU.ActiveCfg = Debug|Any CPU
		{0C36B486-E3CC-4175-B23B-04B7F16F1BE0}.Debug|Any CPU.Build.0 = Debug|Any CPU
		{0C36B486-E3CC-4175-B23B-04B7F16F1BE0}.Release|Any CPU.ActiveCfg = Release|Any CPU
		{0C36B486-E3CC-4175-B23B-04B7F16F1BE0}.Release|Any CPU.Build.0 = Release|Any CPU
	EndGlobalSection
	GlobalSection(SolutionProperties) = preSolution
		HideSolutionNode = FALSE
	EndGlobalSection
	GlobalSection(ExtensibilityGlobals) = postSolution
		SolutionGuid = {9749FD4E-746D-40E0-A620-F64A10E166AB}
	EndGlobalSection
EndGlobal
