
Microsoft Visual Studio Solution File, Format Version 12.00
# Visual Studio Version 17
VisualStudioVersion = 17.5.002.0
MinimumVisualStudioVersion = 10.0.40219.1
Project("{9A19103F-16F7-4668-BE54-9A1E7A4F7556}") = "OperadoresComparativos", "OperadoresComparativos.csproj", "{C6AC652F-BED0-451F-9DD2-3DB8F72FA6FD}"
EndProject
Global
	GlobalSection(SolutionConfigurationPlatforms) = preSolution
		Debug|Any CPU = Debug|Any CPU
		Release|Any CPU = Release|Any CPU
	EndGlobalSection
	GlobalSection(ProjectConfigurationPlatforms) = postSolution
		{C6AC652F-BED0-451F-9DD2-3DB8F72FA6FD}.Debug|Any CPU.ActiveCfg = Debug|Any CPU
		{C6AC652F-BED0-451F-9DD2-3DB8F72FA6FD}.Debug|Any CPU.Build.0 = Debug|Any CPU
		{C6AC652F-BED0-451F-9DD2-3DB8F72FA6FD}.Release|Any CPU.ActiveCfg = Release|Any CPU
		{C6AC652F-BED0-451F-9DD2-3DB8F72FA6FD}.Release|Any CPU.Build.0 = Release|Any CPU
	EndGlobalSection
	GlobalSection(SolutionProperties) = preSolution
		HideSolutionNode = FALSE
	EndGlobalSection
	GlobalSection(ExtensibilityGlobals) = postSolution
		SolutionGuid = {38ED7AD1-A6A1-4F34-82CB-DAECAD23AE1F}
	EndGlobalSection
EndGlobal
