
Microsoft Visual Studio Solution File, Format Version 12.00
# Visual Studio Version 17
VisualStudioVersion = 17.5.002.0
MinimumVisualStudioVersion = 10.0.40219.1
Project("{9A19103F-16F7-4668-BE54-9A1E7A4F7556}") = "OrientacaoObjetos", "OrientacaoObjetos.csproj", "{88BBF1D4-817A-40E2-AD84-8D4C42882069}"
EndProject
Global
	GlobalSection(SolutionConfigurationPlatforms) = preSolution
		Debug|Any CPU = Debug|Any CPU
		Release|Any CPU = Release|Any CPU
	EndGlobalSection
	GlobalSection(ProjectConfigurationPlatforms) = postSolution
		{88BBF1D4-817A-40E2-AD84-8D4C42882069}.Debug|Any CPU.ActiveCfg = Debug|Any CPU
		{88BBF1D4-817A-40E2-AD84-8D4C42882069}.Debug|Any CPU.Build.0 = Debug|Any CPU
		{88BBF1D4-817A-40E2-AD84-8D4C42882069}.Release|Any CPU.ActiveCfg = Release|Any CPU
		{88BBF1D4-817A-40E2-AD84-8D4C42882069}.Release|Any CPU.Build.0 = Release|Any CPU
	EndGlobalSection
	GlobalSection(SolutionProperties) = preSolution
		HideSolutionNode = FALSE
	EndGlobalSection
	GlobalSection(ExtensibilityGlobals) = postSolution
		SolutionGuid = {30FD1BC8-2AEA-46D0-9CE8-5A7093A5FDA9}
	EndGlobalSection
EndGlobal
